
Microsoft Visual Studio Solution File, Format Version 12.00
# Visual Studio 15
VisualStudioVersion = 15.0.28307.329
MinimumVisualStudioVersion = 10.0.40219.1
Project("{FAE04EC0-301F-11D3-BF4B-00C04F79EFBC}") = "PP0501A - NWD", "PP0501A - NWD\PP0501A - NWD.csproj", "{A38B325B-90E0-470F-80A6-0F9DCEF30815}"
EndProject
Global
	GlobalSection(SolutionConfigurationPlatforms) = preSolution
		Debug|Any CPU = Debug|Any CPU
		Release|Any CPU = Release|Any CPU
	EndGlobalSection
	GlobalSection(ProjectConfigurationPlatforms) = postSolution
		{A38B325B-90E0-470F-80A6-0F9DCEF30815}.Debug|Any CPU.ActiveCfg = Debug|Any CPU
		{A38B325B-90E0-470F-80A6-0F9DCEF30815}.Debug|Any CPU.Build.0 = Debug|Any CPU
		{A38B325B-90E0-470F-80A6-0F9DCEF30815}.Release|Any CPU.ActiveCfg = Release|Any CPU
		{A38B325B-90E0-470F-80A6-0F9DCEF30815}.Release|Any CPU.Build.0 = Release|Any CPU
	EndGlobalSection
	GlobalSection(SolutionProperties) = preSolution
		HideSolutionNode = FALSE
	EndGlobalSection
	GlobalSection(ExtensibilityGlobals) = postSolution
		SolutionGuid = {3C3DF6B0-DC4B-496B-9928-3B6ADADEDB0A}
	EndGlobalSection
EndGlobal
